// !$*UTF8*$!
{
	archiveVersion = 1;
	classes = {
	};
	objectVersion = 56;
	objects = {

/* Begin PBXBuildFile section */
		BDBC4EFC2A5F2BB7009A454D /* myfirstappApp.swift in Sources */ = {isa = PBXBuildFile; fileRef = BDBC4EFB2A5F2BB7009A454D /* myfirstappApp.swift */; };
		BDBC4EFE2A5F2BB7009A454D /* ContentView.swift in Sources */ = {isa = PBXBuildFile; fileRef = BDBC4EFD2A5F2BB7009A454D /* ContentView.swift */; };
		BDBC4F002A5F2BB8009A454D /* Assets.xcassets in Resources */ = {isa = PBXBuildFile; fileRef = BDBC4EFF2A5F2BB8009A454D /* Assets.xcassets */; };
		BDBC4F032A5F2BB8009A454D /* Preview Assets.xcassets in Resources */ = {isa = PBXBuildFile; fileRef = BDBC4F022A5F2BB8009A454D /* Preview Assets.xcassets */; };
		BDBC4F0D2A5F2BB8009A454D /* myfirstappTests.swift in Sources */ = {isa = PBXBuildFile; fileRef = BDBC4F0C2A5F2BB8009A454D /* myfirstappTests.swift */; };
		BDBC4F172A5F2BB8009A454D /* myfirstappUITests.swift in Sources */ = {isa = PBXBuildFile; fileRef = BDBC4F162A5F2BB8009A454D /* myfirstappUITests.swift */; };
		BDBC4F192A5F2BB8009A454D /* myfirstappUITestsLaunchTests.swift in Sources */ = {isa = PBXBuildFile; fileRef = BDBC4F182A5F2BB8009A454D /* myfirstappUITestsLaunchTests.swift */; };
/* End PBXBuildFile section */

/* Begin PBXContainerItemProxy section */
		BDBC4F092A5F2BB8009A454D /* PBXContainerItemProxy */ = {
			isa = PBXContainerItemProxy;
			containerPortal = BDBC4EF02A5F2BB7009A454D /* Project object */;
			proxyType = 1;
			remoteGlobalIDString = BDBC4EF72A5F2BB7009A454D;
			remoteInfo = myfirstapp;
		};
		BDBC4F132A5F2BB8009A454D /* PBXContainerItemProxy */ = {
			isa = PBXContainerItemProxy;
			containerPortal = BDBC4EF02A5F2BB7009A454D /* Project object */;
			proxyType = 1;
			remoteGlobalIDString = BDBC4EF72A5F2BB7009A454D;
			remoteInfo = myfirstapp;
		};
/* End PBXContainerItemProxy section */

/* Begin PBXFileReference section */
		BDBC4EF82A5F2BB7009A454D /* myfirstapp.app */ = {isa = PBXFileReference; explicitFileType = wrapper.application; includeInIndex = 0; path = myfirstapp.app; sourceTree = BUILT_PRODUCTS_DIR; };
		BDBC4EFB2A5F2BB7009A454D /* myfirstappApp.swift */ = {isa = PBXFileReference; lastKnownFileType = sourcecode.swift; path = myfirstappApp.swift; sourceTree = "<group>"; };
		BDBC4EFD2A5F2BB7009A454D /* ContentView.swift */ = {isa = PBXFileReference; lastKnownFileType = sourcecode.swift; path = ContentView.swift; sourceTree = "<group>"; };
		BDBC4EFF2A5F2BB8009A454D /* Assets.xcassets */ = {isa = PBXFileReference; lastKnownFileType = folder.assetcatalog; path = Assets.xcassets; sourceTree = "<group>"; };
		BDBC4F022A5F2BB8009A454D /* Preview Assets.xcassets */ = {isa = PBXFileReference; lastKnownFileType = folder.assetcatalog; path = "Preview Assets.xcassets"; sourceTree = "<group>"; };
		BDBC4F082A5F2BB8009A454D /* myfirstappTests.xctest */ = {isa = PBXFileReference; explicitFileType = wrapper.cfbundle; includeInIndex = 0; path = myfirstappTests.xctest; sourceTree = BUILT_PRODUCTS_DIR; };
		BDBC4F0C2A5F2BB8009A454D /* myfirstappTests.swift */ = {isa = PBXFileReference; lastKnownFileType = sourcecode.swift; path = myfirstappTests.swift; sourceTree = "<group>"; };
		BDBC4F122A5F2BB8009A454D /* myfirstappUITests.xctest */ = {isa = PBXFileReference; explicitFileType = wrapper.cfbundle; includeInIndex = 0; path = myfirstappUITests.xctest; sourceTree = BUILT_PRODUCTS_DIR; };
		BDBC4F162A5F2BB8009A454D /* myfirstappUITests.swift */ = {isa = PBXFileReference; lastKnownFileType = sourcecode.swift; path = myfirstappUITests.swift; sourceTree = "<group>"; };
		BDBC4F182A5F2BB8009A454D /* myfirstappUITestsLaunchTests.swift */ = {isa = PBXFileReference; lastKnownFileType = sourcecode.swift; path = myfirstappUITestsLaunchTests.swift; sourceTree = "<group>"; };
/* End PBXFileReference section */

/* Begin PBXFrameworksBuildPhase section */
		BDBC4EF52A5F2BB7009A454D /* Frameworks */ = {
			isa = PBXFrameworksBuildPhase;
			buildActionMask = 2147483647;
			files = (
			);
			runOnlyForDeploymentPostprocessing = 0;
		};
		BDBC4F052A5F2BB8009A454D /* Frameworks */ = {
			isa = PBXFrameworksBuildPhase;
			buildActionMask = 2147483647;
			files = (
			);
			runOnlyForDeploymentPostprocessing = 0;
		};
		BDBC4F0F2A5F2BB8009A454D /* Frameworks */ = {
			isa = PBXFrameworksBuildPhase;
			buildActionMask = 2147483647;
			files = (
			);
			runOnlyForDeploymentPostprocessing = 0;
		};
/* End PBXFrameworksBuildPhase section */

/* Begin PBXGroup section */
		BDBC4EEF2A5F2BB7009A454D = {
			isa = PBXGroup;
			children = (
				BDBC4EFA2A5F2BB7009A454D /* myfirstapp */,
				BDBC4F0B2A5F2BB8009A454D /* myfirstappTests */,
				BDBC4F152A5F2BB8009A454D /* myfirstappUITests */,
				BDBC4EF92A5F2BB7009A454D /* Products */,
			);
			sourceTree = "<group>";
		};
		BDBC4EF92A5F2BB7009A454D /* Products */ = {
			isa = PBXGroup;
			children = (
				BDBC4EF82A5F2BB7009A454D /* myfirstapp.app */,
				BDBC4F082A5F2BB8009A454D /* myfirstappTests.xctest */,
				BDBC4F122A5F2BB8009A454D /* myfirstappUITests.xctest */,
			);
			name = Products;
			sourceTree = "<group>";
		};
		BDBC4EFA2A5F2BB7009A454D /* myfirstapp */ = {
			isa = PBXGroup;
			children = (
				BDBC4EFB2A5F2BB7009A454D /* myfirstappApp.swift */,
				BDBC4EFD2A5F2BB7009A454D /* ContentView.swift */,
				BDBC4EFF2A5F2BB8009A454D /* Assets.xcassets */,
				BDBC4F012A5F2BB8009A454D /* Preview Content */,
			);
			path = myfirstapp;
			sourceTree = "<group>";
		};
		BDBC4F012A5F2BB8009A454D /* Preview Content */ = {
			isa = PBXGroup;
			children = (
				BDBC4F022A5F2BB8009A454D /* Preview Assets.xcassets */,
			);
			path = "Preview Content";
			sourceTree = "<group>";
		};
		BDBC4F0B2A5F2BB8009A454D /* myfirstappTests */ = {
			isa = PBXGroup;
			children = (
				BDBC4F0C2A5F2BB8009A454D /* myfirstappTests.swift */,
			);
			path = myfirstappTests;
			sourceTree = "<group>";
		};
		BDBC4F152A5F2BB8009A454D /* myfirstappUITests */ = {
			isa = PBXGroup;
			children = (
				BDBC4F162A5F2BB8009A454D /* myfirstappUITests.swift */,
				BDBC4F182A5F2BB8009A454D /* myfirstappUITestsLaunchTests.swift */,
			);
			path = myfirstappUITests;
			sourceTree = "<group>";
		};
/* End PBXGroup section */

/* Begin PBXNativeTarget section */
		BDBC4EF72A5F2BB7009A454D /* myfirstapp */ = {
			isa = PBXNativeTarget;
			buildConfigurationList = BDBC4F1C2A5F2BB8009A454D /* Build configuration list for PBXNativeTarget "myfirstapp" */;
			buildPhases = (
				BDBC4EF42A5F2BB7009A454D /* Sources */,
				BDBC4EF52A5F2BB7009A454D /* Frameworks */,
				BDBC4EF62A5F2BB7009A454D /* Resources */,
			);
			buildRules = (
			);
			dependencies = (
			);
			name = myfirstapp;
			productName = myfirstapp;
			productReference = BDBC4EF82A5F2BB7009A454D /* myfirstapp.app */;
			productType = "com.apple.product-type.application";
		};
		BDBC4F072A5F2BB8009A454D /* myfirstappTests */ = {
			isa = PBXNativeTarget;
			buildConfigurationList = BDBC4F1F2A5F2BB8009A454D /* Build configuration list for PBXNativeTarget "myfirstappTests" */;
			buildPhases = (
				BDBC4F042A5F2BB8009A454D /* Sources */,
				BDBC4F052A5F2BB8009A454D /* Frameworks */,
				BDBC4F062A5F2BB8009A454D /* Resources */,
			);
			buildRules = (
			);
			dependencies = (
				BDBC4F0A2A5F2BB8009A454D /* PBXTargetDependency */,
			);
			name = myfirstappTests;
			productName = myfirstappTests;
			productReference = BDBC4F082A5F2BB8009A454D /* myfirstappTests.xctest */;
			productType = "com.apple.product-type.bundle.unit-test";
		};
		BDBC4F112A5F2BB8009A454D /* myfirstappUITests */ = {
			isa = PBXNativeTarget;
			buildConfigurationList = BDBC4F222A5F2BB8009A454D /* Build configuration list for PBXNativeTarget "myfirstappUITests" */;
			buildPhases = (
				BDBC4F0E2A5F2BB8009A454D /* Sources */,
				BDBC4F0F2A5F2BB8009A454D /* Frameworks */,
				BDBC4F102A5F2BB8009A454D /* Resources */,
			);
			buildRules = (
			);
			dependencies = (
				BDBC4F142A5F2BB8009A454D /* PBXTargetDependency */,
			);
			name = myfirstappUITests;
			productName = myfirstappUITests;
			productReference = BDBC4F122A5F2BB8009A454D /* myfirstappUITests.xctest */;
			productType = "com.apple.product-type.bundle.ui-testing";
		};
/* End PBXNativeTarget section */

/* Begin PBXProject section */
		BDBC4EF02A5F2BB7009A454D /* Project object */ = {
			isa = PBXProject;
			attributes = {
				BuildIndependentTargetsInParallel = 1;
				LastSwiftUpdateCheck = 1430;
				LastUpgradeCheck = 1430;
				TargetAttributes = {
					BDBC4EF72A5F2BB7009A454D = {
						CreatedOnToolsVersion = 14.3.1;
					};
					BDBC4F072A5F2BB8009A454D = {
						CreatedOnToolsVersion = 14.3.1;
						TestTargetID = BDBC4EF72A5F2BB7009A454D;
					};
					BDBC4F112A5F2BB8009A454D = {
						CreatedOnToolsVersion = 14.3.1;
						TestTargetID = BDBC4EF72A5F2BB7009A454D;
					};
				};
			};
			buildConfigurationList = BDBC4EF32A5F2BB7009A454D /* Build configuration list for PBXProject "myfirstapp" */;
			compatibilityVersion = "Xcode 14.0";
			developmentRegion = en;
			hasScannedForEncodings = 0;
			knownRegions = (
				en,
				Base,
			);
			mainGroup = BDBC4EEF2A5F2BB7009A454D;
			productRefGroup = BDBC4EF92A5F2BB7009A454D /* Products */;
			projectDirPath = "";
			projectRoot = "";
			targets = (
				BDBC4EF72A5F2BB7009A454D /* myfirstapp */,
				BDBC4F072A5F2BB8009A454D /* myfirstappTests */,
				BDBC4F112A5F2BB8009A454D /* myfirstappUITests */,
			);
		};
/* End PBXProject section */

/* Begin PBXResourcesBuildPhase section */
		BDBC4EF62A5F2BB7009A454D /* Resources */ = {
			isa = PBXResourcesBuildPhase;
			buildActionMask = 2147483647;
			files = (
				BDBC4F032A5F2BB8009A454D /* Preview Assets.xcassets in Resources */,
				BDBC4F002A5F2BB8009A454D /* Assets.xcassets in Resources */,
			);
			runOnlyForDeploymentPostprocessing = 0;
		};
		BDBC4F062A5F2BB8009A454D /* Resources */ = {
			isa = PBXResourcesBuildPhase;
			buildActionMask = 2147483647;
			files = (
			);
			runOnlyForDeploymentPostprocessing = 0;
		};
		BDBC4F102A5F2BB8009A454D /* Resources */ = {
			isa = PBXResourcesBuildPhase;
			buildActionMask = 2147483647;
			files = (
			);
			runOnlyForDeploymentPostprocessing = 0;
		};
/* End PBXResourcesBuildPhase section */

/* Begin PBXSourcesBuildPhase section */
		BDBC4EF42A5F2BB7009A454D /* Sources */ = {
			isa = PBXSourcesBuildPhase;
			buildActionMask = 2147483647;
			files = (
				BDBC4EFE2A5F2BB7009A454D /* ContentView.swift in Sources */,
				BDBC4EFC2A5F2BB7009A454D /* myfirstappApp.swift in Sources */,
			);
			runOnlyForDeploymentPostprocessing = 0;
		};
		BDBC4F042A5F2BB8009A454D /* Sources */ = {
			isa = PBXSourcesBuildPhase;
			buildActionMask = 2147483647;
			files = (
				BDBC4F0D2A5F2BB8009A454D /* myfirstappTests.swift in Sources */,
			);
			runOnlyForDeploymentPostprocessing = 0;
		};
		BDBC4F0E2A5F2BB8009A454D /* Sources */ = {
			isa = PBXSourcesBuildPhase;
			buildActionMask = 2147483647;
			files = (
				BDBC4F172A5F2BB8009A454D /* myfirstappUITests.swift in Sources */,
				BDBC4F192A5F2BB8009A454D /* myfirstappUITestsLaunchTests.swift in Sources */,
			);
			runOnlyForDeploymentPostprocessing = 0;
		};
/* End PBXSourcesBuildPhase section */

/* Begin PBXTargetDependency section */
		BDBC4F0A2A5F2BB8009A454D /* PBXTargetDependency */ = {
			isa = PBXTargetDependency;
			target = BDBC4EF72A5F2BB7009A454D /* myfirstapp */;
			targetProxy = BDBC4F092A5F2BB8009A454D /* PBXContainerItemProxy */;
		};
		BDBC4F142A5F2BB8009A454D /* PBXTargetDependency */ = {
			isa = PBXTargetDependency;
			target = BDBC4EF72A5F2BB7009A454D /* myfirstapp */;
			targetProxy = BDBC4F132A5F2BB8009A454D /* PBXContainerItemProxy */;
		};
/* End PBXTargetDependency section */

/* Begin XCBuildConfiguration section */
		BDBC4F1A2A5F2BB8009A454D /* Debug */ = {
			isa = XCBuildConfiguration;
			buildSettings = {
				ALWAYS_SEARCH_USER_PATHS = NO;
				CLANG_ANALYZER_NONNULL = YES;
				CLANG_ANALYZER_NUMBER_OBJECT_CONVERSION = YES_AGGRESSIVE;
				CLANG_CXX_LANGUAGE_STANDARD = "gnu++20";
				CLANG_ENABLE_MODULES = YES;
				CLANG_ENABLE_OBJC_ARC = YES;
				CLANG_ENABLE_OBJC_WEAK = YES;
				CLANG_WARN_BLOCK_CAPTURE_AUTORELEASING = YES;
				CLANG_WARN_BOOL_CONVERSION = YES;
				CLANG_WARN_COMMA = YES;
				CLANG_WARN_CONSTANT_CONVERSION = YES;
				CLANG_WARN_DEPRECATED_OBJC_IMPLEMENTATIONS = YES;
				CLANG_WARN_DIRECT_OBJC_ISA_USAGE = YES_ERROR;
				CLANG_WARN_DOCUMENTATION_COMMENTS = YES;
				CLANG_WARN_EMPTY_BODY = YES;
				CLANG_WARN_ENUM_CONVERSION = YES;
				CLANG_WARN_INFINITE_RECURSION = YES;
				CLANG_WARN_INT_CONVERSION = YES;
				CLANG_WARN_NON_LITERAL_NULL_CONVERSION = YES;
				CLANG_WARN_OBJC_IMPLICIT_RETAIN_SELF = YES;
				CLANG_WARN_OBJC_LITERAL_CONVERSION = YES;
				CLANG_WARN_OBJC_ROOT_CLASS = YES_ERROR;
				CLANG_WARN_QUOTED_INCLUDE_IN_FRAMEWORK_HEADER = YES;
				CLANG_WARN_RANGE_LOOP_ANALYSIS = YES;
				CLANG_WARN_STRICT_PROTOTYPES = YES;
				CLANG_WARN_SUSPICIOUS_MOVE = YES;
				CLANG_WARN_UNGUARDED_AVAILABILITY = YES_AGGRESSIVE;
				CLANG_WARN_UNREACHABLE_CODE = YES;
				CLANG_WARN__DUPLICATE_METHOD_MATCH = YES;
				COPY_PHASE_STRIP = NO;
				DEBUG_INFORMATION_FORMAT = dwarf;
				ENABLE_STRICT_OBJC_MSGSEND = YES;
				ENABLE_TESTABILITY = YES;
				GCC_C_LANGUAGE_STANDARD = gnu11;
				GCC_DYNAMIC_NO_PIC = NO;
				GCC_NO_COMMON_BLOCKS = YES;
				GCC_OPTIMIZATION_LEVEL = 0;
				GCC_PREPROCESSOR_DEFINITIONS = (
					"DEBUG=1",
					"$(inherited)",
				);
				GCC_WARN_64_TO_32_BIT_CONVERSION = YES;
				GCC_WARN_ABOUT_RETURN_TYPE = YES_ERROR;
				GCC_WARN_UNDECLARED_SELECTOR = YES;
				GCC_WARN_UNINITIALIZED_AUTOS = YES_AGGRESSIVE;
				GCC_WARN_UNUSED_FUNCTION = YES;
				GCC_WARN_UNUSED_VARIABLE = YES;
				IPHONEOS_DEPLOYMENT_TARGET = 16.4;
				MTL_ENABLE_DEBUG_INFO = INCLUDE_SOURCE;
				MTL_FAST_MATH = YES;
				ONLY_ACTIVE_ARCH = YES;
				SDKROOT = iphoneos;
				SWIFT_ACTIVE_COMPILATION_CONDITIONS = DEBUG;
				SWIFT_OPTIMIZATION_LEVEL = "-Onone";
			};
			name = Debug;
		};
		BDBC4F1B2A5F2BB8009A454D /* Release */ = {
			isa = XCBuildConfiguration;
			buildSettings = {
				ALWAYS_SEARCH_USER_PATHS = NO;
				CLANG_ANALYZER_NONNULL = YES;
				CLANG_ANALYZER_NUMBER_OBJECT_CONVERSION = YES_AGGRESSIVE;
				CLANG_CXX_LANGUAGE_STANDARD = "gnu++20";
				CLANG_ENABLE_MODULES = YES;
				CLANG_ENABLE_OBJC_ARC = YES;
				CLANG_ENABLE_OBJC_WEAK = YES;
				CLANG_WARN_BLOCK_CAPTURE_AUTORELEASING = YES;
				CLANG_WARN_BOOL_CONVERSION = YES;
				CLANG_WARN_COMMA = YES;
				CLANG_WARN_CONSTANT_CONVERSION = YES;
				CLANG_WARN_DEPRECATED_OBJC_IMPLEMENTATIONS = YES;
				CLANG_WARN_DIRECT_OBJC_ISA_USAGE = YES_ERROR;
				CLANG_WARN_DOCUMENTATION_COMMENTS = YES;
				CLANG_WARN_EMPTY_BODY = YES;
				CLANG_WARN_ENUM_CONVERSION = YES;
				CLANG_WARN_INFINITE_RECURSION = YES;
				CLANG_WARN_INT_CONVERSION = YES;
				CLANG_WARN_NON_LITERAL_NULL_CONVERSION = YES;
				CLANG_WARN_OBJC_IMPLICIT_RETAIN_SELF = YES;
				CLANG_WARN_OBJC_LITERAL_CONVERSION = YES;
				CLANG_WARN_OBJC_ROOT_CLASS = YES_ERROR;
				CLANG_WARN_QUOTED_INCLUDE_IN_FRAMEWORK_HEADER = YES;
				CLANG_WARN_RANGE_LOOP_ANALYSIS = YES;
				CLANG_WARN_STRICT_PROTOTYPES = YES;
				CLANG_WARN_SUSPICIOUS_MOVE = YES;
				CLANG_WARN_UNGUARDED_AVAILABILITY = YES_AGGRESSIVE;
				CLANG_WARN_UNREACHABLE_CODE = YES;
				CLANG_WARN__DUPLICATE_METHOD_MATCH = YES;
				COPY_PHASE_STRIP = NO;
				DEBUG_INFORMATION_FORMAT = "dwarf-with-dsym";
				ENABLE_NS_ASSERTIONS = NO;
				ENABLE_STRICT_OBJC_MSGSEND = YES;
				GCC_C_LANGUAGE_STANDARD = gnu11;
				GCC_NO_COMMON_BLOCKS = YES;
				GCC_WARN_64_TO_32_BIT_CONVERSION = YES;
				GCC_WARN_ABOUT_RETURN_TYPE = YES_ERROR;
				GCC_WARN_UNDECLARED_SELECTOR = YES;
				GCC_WARN_UNINITIALIZED_AUTOS = YES_AGGRESSIVE;
				GCC_WARN_UNUSED_FUNCTION = YES;
				GCC_WARN_UNUSED_VARIABLE = YES;
				IPHONEOS_DEPLOYMENT_TARGET = 16.4;
				MTL_ENABLE_DEBUG_INFO = NO;
				MTL_FAST_MATH = YES;
				SDKROOT = iphoneos;
				SWIFT_COMPILATION_MODE = wholemodule;
				SWIFT_OPTIMIZATION_LEVEL = "-O";
				VALIDATE_PRODUCT = YES;
			};
			name = Release;
		};
		BDBC4F1D2A5F2BB8009A454D /* Debug */ = {
			isa = XCBuildConfiguration;
			buildSettings = {
				ASSETCATALOG_COMPILER_APPICON_NAME = AppIcon;
				ASSETCATALOG_COMPILER_GLOBAL_ACCENT_COLOR_NAME = AccentColor;
				CODE_SIGN_STYLE = Automatic;
				CURRENT_PROJECT_VERSION = 1;
				DEVELOPMENT_ASSET_PATHS = "\"myfirstapp/Preview Content\"";
				DEVELOPMENT_TEAM = 5L86G92F7F;
				ENABLE_PREVIEWS = YES;
				GENERATE_INFOPLIST_FILE = YES;
				INFOPLIST_KEY_UIApplicationSceneManifest_Generation = YES;
				INFOPLIST_KEY_UIApplicationSupportsIndirectInputEvents = YES;
				INFOPLIST_KEY_UILaunchScreen_Generation = YES;
				INFOPLIST_KEY_UISupportedInterfaceOrientations_iPad = "UIInterfaceOrientationPortrait UIInterfaceOrientationPortraitUpsideDown UIInterfaceOrientationLandscapeLeft UIInterfaceOrientationLandscapeRight";
				INFOPLIST_KEY_UISupportedInterfaceOrientations_iPhone = "UIInterfaceOrientationPortrait UIInterfaceOrientationLandscapeLeft UIInterfaceOrientationLandscapeRight";
				LD_RUNPATH_SEARCH_PATHS = (
					"$(inherited)",
					"@executable_path/Frameworks",
				);
				MARKETING_VERSION = 1.0;
				PRODUCT_BUNDLE_IDENTIFIER = "Kode-with-Klossy.myfirstapp";
				PRODUCT_NAME = "$(TARGET_NAME)";
				SWIFT_EMIT_LOC_STRINGS = YES;
				SWIFT_VERSION = 5.0;
				TARGETED_DEVICE_FAMILY = "1,2";
			};
			name = Debug;
		};
		BDBC4F1E2A5F2BB8009A454D /* Release */ = {
			isa = XCBuildConfiguration;
			buildSettings = {
				ASSETCATALOG_COMPILER_APPICON_NAME = AppIcon;
				ASSETCATALOG_COMPILER_GLOBAL_ACCENT_COLOR_NAME = AccentColor;
				CODE_SIGN_STYLE = Automatic;
				CURRENT_PROJECT_VERSION = 1;
				DEVELOPMENT_ASSET_PATHS = "\"myfirstapp/Preview Content\"";
				DEVELOPMENT_TEAM = 5L86G92F7F;
				ENABLE_PREVIEWS = YES;
				GENERATE_INFOPLIST_FILE = YES;
				INFOPLIST_KEY_UIApplicationSceneManifest_Generation = YES;
				INFOPLIST_KEY_UIApplicationSupportsIndirectInputEvents = YES;
				INFOPLIST_KEY_UILaunchScreen_Generation = YES;
				INFOPLIST_KEY_UISupportedInterfaceOrientations_iPad = "UIInterfaceOrientationPortrait UIInterfaceOrientationPortraitUpsideDown UIInterfaceOrientationLandscapeLeft UIInterfaceOrientationLandscapeRight";
				INFOPLIST_KEY_UISupportedInterfaceOrientations_iPhone = "UIInterfaceOrientationPortrait UIInterfaceOrientationLandscapeLeft UIInterfaceOrientationLandscapeRight";
				LD_RUNPATH_SEARCH_PATHS = (
					"$(inherited)",
					"@executable_path/Frameworks",
				);
				MARKETING_VERSION = 1.0;
				PRODUCT_BUNDLE_IDENTIFIER = "Kode-with-Klossy.myfirstapp";
				PRODUCT_NAME = "$(TARGET_NAME)";
				SWIFT_EMIT_LOC_STRINGS = YES;
				SWIFT_VERSION = 5.0;
				TARGETED_DEVICE_FAMILY = "1,2";
			};
			name = Release;
		};
		BDBC4F202A5F2BB8009A454D /* Debug */ = {
			isa = XCBuildConfiguration;
			buildSettings = {
				ALWAYS_EMBED_SWIFT_STANDARD_LIBRARIES = YES;
				BUNDLE_LOADER = "$(TEST_HOST)";
				CODE_SIGN_STYLE = Automatic;
				CURRENT_PROJECT_VERSION = 1;
				DEVELOPMENT_TEAM = 5L86G92F7F;
				GENERATE_INFOPLIST_FILE = YES;
				IPHONEOS_DEPLOYMENT_TARGET = 16.4;
				MARKETING_VERSION = 1.0;
				PRODUCT_BUNDLE_IDENTIFIER = "Kode-with-Klossy.myfirstappTests";
				PRODUCT_NAME = "$(TARGET_NAME)";
				SWIFT_EMIT_LOC_STRINGS = NO;
				SWIFT_VERSION = 5.0;
				TARGETED_DEVICE_FAMILY = "1,2";
				TEST_HOST = "$(BUILT_PRODUCTS_DIR)/myfirstapp.app/$(BUNDLE_EXECUTABLE_FOLDER_PATH)/myfirstapp";
			};
			name = Debug;
		};
		BDBC4F212A5F2BB8009A454D /* Release */ = {
			isa = XCBuildConfiguration;
			buildSettings = {
				ALWAYS_EMBED_SWIFT_STANDARD_LIBRARIES = YES;
				BUNDLE_LOADER = "$(TEST_HOST)";
				CODE_SIGN_STYLE = Automatic;
				CURRENT_PROJECT_VERSION = 1;
				DEVELOPMENT_TEAM = 5L86G92F7F;
				GENERATE_INFOPLIST_FILE = YES;
				IPHONEOS_DEPLOYMENT_TARGET = 16.4;
				MARKETING_VERSION = 1.0;
				PRODUCT_BUNDLE_IDENTIFIER = "Kode-with-Klossy.myfirstappTests";
				PRODUCT_NAME = "$(TARGET_NAME)";
				SWIFT_EMIT_LOC_STRINGS = NO;
				SWIFT_VERSION = 5.0;
				TARGETED_DEVICE_FAMILY = "1,2";
				TEST_HOST = "$(BUILT_PRODUCTS_DIR)/myfirstapp.app/$(BUNDLE_EXECUTABLE_FOLDER_PATH)/myfirstapp";
			};
			name = Release;
		};
		BDBC4F232A5F2BB8009A454D /* Debug */ = {
			isa = XCBuildConfiguration;
			buildSettings = {
				ALWAYS_EMBED_SWIFT_STANDARD_LIBRARIES = YES;
				CODE_SIGN_STYLE = Automatic;
				CURRENT_PROJECT_VERSION = 1;
				DEVELOPMENT_TEAM = 5L86G92F7F;
				GENERATE_INFOPLIST_FILE = YES;
				MARKETING_VERSION = 1.0;
				PRODUCT_BUNDLE_IDENTIFIER = "Kode-with-Klossy.myfirstappUITests";
				PRODUCT_NAME = "$(TARGET_NAME)";
				SWIFT_EMIT_LOC_STRINGS = NO;
				SWIFT_VERSION = 5.0;
				TARGETED_DEVICE_FAMILY = "1,2";
				TEST_TARGET_NAME = myfirstapp;
			};
			name = Debug;
		};
		BDBC4F242A5F2BB8009A454D /* Release */ = {
			isa = XCBuildConfiguration;
			buildSettings = {
				ALWAYS_EMBED_SWIFT_STANDARD_LIBRARIES = YES;
				CODE_SIGN_STYLE = Automatic;
				CURRENT_PROJECT_VERSION = 1;
				DEVELOPMENT_TEAM = 5L86G92F7F;
				GENERATE_INFOPLIST_FILE = YES;
				MARKETING_VERSION = 1.0;
				PRODUCT_BUNDLE_IDENTIFIER = "Kode-with-Klossy.myfirstappUITests";
				PRODUCT_NAME = "$(TARGET_NAME)";
				SWIFT_EMIT_LOC_STRINGS = NO;
				SWIFT_VERSION = 5.0;
				TARGETED_DEVICE_FAMILY = "1,2";
				TEST_TARGET_NAME = myfirstapp;
			};
			name = Release;
		};
/* End XCBuildConfiguration section */

/* Begin XCConfigurationList section */
		BDBC4EF32A5F2BB7009A454D /* Build configuration list for PBXProject "myfirstapp" */ = {
			isa = XCConfigurationList;
			buildConfigurations = (
				BDBC4F1A2A5F2BB8009A454D /* Debug */,
				BDBC4F1B2A5F2BB8009A454D /* Release */,
			);
			defaultConfigurationIsVisible = 0;
			defaultConfigurationName = Release;
		};
		BDBC4F1C2A5F2BB8009A454D /* Build configuration list for PBXNativeTarget "myfirstapp" */ = {
			isa = XCConfigurationList;
			buildConfigurations = (
				BDBC4F1D2A5F2BB8009A454D /* Debug */,
				BDBC4F1E2A5F2BB8009A454D /* Release */,
			);
			defaultConfigurationIsVisible = 0;
			defaultConfigurationName = Release;
		};
		BDBC4F1F2A5F2BB8009A454D /* Build configuration list for PBXNativeTarget "myfirstappTests" */ = {
			isa = XCConfigurationList;
			buildConfigurations = (
				BDBC4F202A5F2BB8009A454D /* Debug */,
				BDBC4F212A5F2BB8009A454D /* Release */,
			);
			defaultConfigurationIsVisible = 0;
			defaultConfigurationName = Release;
		};
		BDBC4F222A5F2BB8009A454D /* Build configuration list for PBXNativeTarget "myfirstappUITests" */ = {
			isa = XCConfigurationList;
			buildConfigurations = (
				BDBC4F232A5F2BB8009A454D /* Debug */,
				BDBC4F242A5F2BB8009A454D /* Release */,
			);
			defaultConfigurationIsVisible = 0;
			defaultConfigurationName = Release;
		};
/* End XCConfigurationList section */
	};
	rootObject = BDBC4EF02A5F2BB7009A454D /* Project object */;
}
